
Microsoft Visual Studio Solution File, Format Version 12.00
# Visual Studio Version 17
VisualStudioVersion = 17.14.37111.16 d17.14
MinimumVisualStudioVersion = 10.0.40219.1
Project("{FAE04EC0-301F-11D3-BF4B-00C04F79EFBC}") = "TSVFile", "TSVFile.csproj", "{3C1753D9-AFB7-4D58-9E05-53AFA4F12257}"
EndProject
Global
	GlobalSection(SolutionConfigurationPlatforms) = preSolution
		Debug|Any CPU = Debug|Any CPU
		Release|Any CPU = Release|Any CPU
	EndGlobalSection
	GlobalSection(ProjectConfigurationPlatforms) = postSolution
		{3C1753D9-AFB7-4D58-9E05-53AFA4F12257}.Debug|Any CPU.ActiveCfg = Debug|Any CPU
		{3C1753D9-AFB7-4D58-9E05-53AFA4F12257}.Debug|Any CPU.Build.0 = Debug|Any CPU
		{3C1753D9-AFB7-4D58-9E05-53AFA4F12257}.Release|Any CPU.ActiveCfg = Release|Any CPU
		{3C1753D9-AFB7-4D58-9E05-53AFA4F12257}.Release|Any CPU.Build.0 = Release|Any CPU
	EndGlobalSection
	GlobalSection(SolutionProperties) = preSolution
		HideSolutionNode = FALSE
	EndGlobalSection
	GlobalSection(ExtensibilityGlobals) = postSolution
		SolutionGuid = {B08BCDED-06B8-444D-B126-55FA069BBB0F}
	EndGlobalSection
EndGlobal
